// !$*UTF8*$!
{
	archiveVersion = 1;
	classes = {
	};
	objectVersion = 56;
	objects = {

/* Begin PBXBuildFile section */
		2713019F29DEC67E007A1517 /* OrderView.swift in Sources */ = {isa = PBXBuildFile; fileRef = 2713019E29DEC67E007A1517 /* OrderView.swift */; };
		273C416929B24C6C00F11636 /* MedicHTTPClient.swift in Sources */ = {isa = PBXBuildFile; fileRef = 273C416829B24C6C00F11636 /* MedicHTTPClient.swift */; };
		273C416B29B24F3C00F11636 /* LoginViewModel.swift in Sources */ = {isa = PBXBuildFile; fileRef = 273C416A29B24F3C00F11636 /* LoginViewModel.swift */; };
		273C416D29B2501C00F11636 /* CodeView.swift in Sources */ = {isa = PBXBuildFile; fileRef = 273C416C29B2501C00F11636 /* CodeView.swift */; };
		274B0F0729DD89C4000F98DA /* Basket.swift in Sources */ = {isa = PBXBuildFile; fileRef = 274B0F0629DD89C4000F98DA /* Basket.swift */; };
		275886B929DCE723003B7820 /* MainViewModel.swift in Sources */ = {isa = PBXBuildFile; fileRef = 275886B829DCE723003B7820 /* MainViewModel.swift */; };
		275886BB29DCE72D003B7820 /* MainView.swift in Sources */ = {isa = PBXBuildFile; fileRef = 275886BA29DCE72D003B7820 /* MainView.swift */; };
		275886BF29DD21F1003B7820 /* ProfileView.swift in Sources */ = {isa = PBXBuildFile; fileRef = 275886BE29DD21F1003B7820 /* ProfileView.swift */; };
		275886C229DD2267003B7820 /* BasketView.swift in Sources */ = {isa = PBXBuildFile; fileRef = 275886C129DD2267003B7820 /* BasketView.swift */; };
		275886C529DD22CF003B7820 /* ResultsView.swift in Sources */ = {isa = PBXBuildFile; fileRef = 275886C429DD22CF003B7820 /* ResultsView.swift */; };
		2767502229B245E900A3CA40 /* MedicApp.swift in Sources */ = {isa = PBXBuildFile; fileRef = 2767502129B245E900A3CA40 /* MedicApp.swift */; };
		2767502429B245E900A3CA40 /* ContentView.swift in Sources */ = {isa = PBXBuildFile; fileRef = 2767502329B245E900A3CA40 /* ContentView.swift */; };
		2767502629B245EA00A3CA40 /* Assets.xcassets in Resources */ = {isa = PBXBuildFile; fileRef = 2767502529B245EA00A3CA40 /* Assets.xcassets */; };
		2767502929B245EA00A3CA40 /* Preview Assets.xcassets in Resources */ = {isa = PBXBuildFile; fileRef = 2767502829B245EA00A3CA40 /* Preview Assets.xcassets */; };
		2767503129B247DD00A3CA40 /* EmailView.swift in Sources */ = {isa = PBXBuildFile; fileRef = 2767503029B247DD00A3CA40 /* EmailView.swift */; };
		2788384829DBCD1300E89B2E /* Launch Screen.storyboard in Resources */ = {isa = PBXBuildFile; fileRef = 2788384729DBCD1300E89B2E /* Launch Screen.storyboard */; };
		27A292F329DC4D2B00BC59A9 /* CreatePasswordView.swift in Sources */ = {isa = PBXBuildFile; fileRef = 27A292F229DC4D2B00BC59A9 /* CreatePasswordView.swift */; };
		27B8926029D9D423001B537D /* OnboardingView.swift in Sources */ = {isa = PBXBuildFile; fileRef = 27B8925F29D9D423001B537D /* OnboardingView.swift */; };
		27B8926229D9D503001B537D /* OnboardingModel.swift in Sources */ = {isa = PBXBuildFile; fileRef = 27B8926129D9D503001B537D /* OnboardingModel.swift */; };
		27B8926429D9E54F001B537D /* Color+Extension.swift in Sources */ = {isa = PBXBuildFile; fileRef = 27B8926329D9E54F001B537D /* Color+Extension.swift */; };
		27D2C17A29DAD4740054F9B7 /* CardViewModel.swift in Sources */ = {isa = PBXBuildFile; fileRef = 27D2C17929DAD4740054F9B7 /* CardViewModel.swift */; };
		27D7F81129B3090000CCB912 /* MedicTextField.swift in Sources */ = {isa = PBXBuildFile; fileRef = 27D7F81029B3090000CCB912 /* MedicTextField.swift */; };
		27D7F81329B30B0F00CCB912 /* MedicButton.swift in Sources */ = {isa = PBXBuildFile; fileRef = 27D7F81229B30B0F00CCB912 /* MedicButton.swift */; };
		27D7F81529B3174A00CCB912 /* CardView.swift in Sources */ = {isa = PBXBuildFile; fileRef = 27D7F81429B3174900CCB912 /* CardView.swift */; };
		27D7F81729B317E000CCB912 /* Card.swift in Sources */ = {isa = PBXBuildFile; fileRef = 27D7F81629B317E000CCB912 /* Card.swift */; };
/* End PBXBuildFile section */

/* Begin PBXFileReference section */
		2713019E29DEC67E007A1517 /* OrderView.swift */ = {isa = PBXFileReference; lastKnownFileType = sourcecode.swift; path = OrderView.swift; sourceTree = "<group>"; };
		273C416829B24C6C00F11636 /* MedicHTTPClient.swift */ = {isa = PBXFileReference; lastKnownFileType = sourcecode.swift; path = MedicHTTPClient.swift; sourceTree = "<group>"; };
		273C416A29B24F3C00F11636 /* LoginViewModel.swift */ = {isa = PBXFileReference; lastKnownFileType = sourcecode.swift; path = LoginViewModel.swift; sourceTree = "<group>"; };
		273C416C29B2501C00F11636 /* CodeView.swift */ = {isa = PBXFileReference; lastKnownFileType = sourcecode.swift; path = CodeView.swift; sourceTree = "<group>"; };
		273C416E29B2601200F11636 /* Info.plist */ = {isa = PBXFileReference; lastKnownFileType = text.plist; path = Info.plist; sourceTree = "<group>"; };
		274B0F0629DD89C4000F98DA /* Basket.swift */ = {isa = PBXFileReference; lastKnownFileType = sourcecode.swift; path = Basket.swift; sourceTree = "<group>"; };
		275886B829DCE723003B7820 /* MainViewModel.swift */ = {isa = PBXFileReference; lastKnownFileType = sourcecode.swift; path = MainViewModel.swift; sourceTree = "<group>"; };
		275886BA29DCE72D003B7820 /* MainView.swift */ = {isa = PBXFileReference; lastKnownFileType = sourcecode.swift; path = MainView.swift; sourceTree = "<group>"; };
		275886BE29DD21F1003B7820 /* ProfileView.swift */ = {isa = PBXFileReference; lastKnownFileType = sourcecode.swift; path = ProfileView.swift; sourceTree = "<group>"; };
		275886C129DD2267003B7820 /* BasketView.swift */ = {isa = PBXFileReference; lastKnownFileType = sourcecode.swift; path = BasketView.swift; sourceTree = "<group>"; };
		275886C429DD22CF003B7820 /* ResultsView.swift */ = {isa = PBXFileReference; lastKnownFileType = sourcecode.swift; path = ResultsView.swift; sourceTree = "<group>"; };
		2767501E29B245E900A3CA40 /* Medic.app */ = {isa = PBXFileReference; explicitFileType = wrapper.application; includeInIndex = 0; path = Medic.app; sourceTree = BUILT_PRODUCTS_DIR; };
		2767502129B245E900A3CA40 /* MedicApp.swift */ = {isa = PBXFileReference; lastKnownFileType = sourcecode.swift; path = MedicApp.swift; sourceTree = "<group>"; };
		2767502329B245E900A3CA40 /* ContentView.swift */ = {isa = PBXFileReference; lastKnownFileType = sourcecode.swift; path = ContentView.swift; sourceTree = "<group>"; };
		2767502529B245EA00A3CA40 /* Assets.xcassets */ = {isa = PBXFileReference; lastKnownFileType = folder.assetcatalog; path = Assets.xcassets; sourceTree = "<group>"; };
		2767502829B245EA00A3CA40 /* Preview Assets.xcassets */ = {isa = PBXFileReference; lastKnownFileType = folder.assetcatalog; path = "Preview Assets.xcassets"; sourceTree = "<group>"; };
		2767503029B247DD00A3CA40 /* EmailView.swift */ = {isa = PBXFileReference; lastKnownFileType = sourcecode.swift; path = EmailView.swift; sourceTree = "<group>"; };
		2788384729DBCD1300E89B2E /* Launch Screen.storyboard */ = {isa = PBXFileReference; lastKnownFileType = file.storyboard; path = "Launch Screen.storyboard"; sourceTree = "<group>"; };
		27A292F229DC4D2B00BC59A9 /* CreatePasswordView.swift */ = {isa = PBXFileReference; lastKnownFileType = sourcecode.swift; path = CreatePasswordView.swift; sourceTree = "<group>"; };
		27B8925F29D9D423001B537D /* OnboardingView.swift */ = {isa = PBXFileReference; lastKnownFileType = sourcecode.swift; path = OnboardingView.swift; sourceTree = "<group>"; };
		27B8926129D9D503001B537D /* OnboardingModel.swift */ = {isa = PBXFileReference; lastKnownFileType = sourcecode.swift; path = OnboardingModel.swift; sourceTree = "<group>"; };
		27B8926329D9E54F001B537D /* Color+Extension.swift */ = {isa = PBXFileReference; lastKnownFileType = sourcecode.swift; path = "Color+Extension.swift"; sourceTree = "<group>"; };
		27D2C17929DAD4740054F9B7 /* CardViewModel.swift */ = {isa = PBXFileReference; lastKnownFileType = sourcecode.swift; path = CardViewModel.swift; sourceTree = "<group>"; };
		27D7F81029B3090000CCB912 /* MedicTextField.swift */ = {isa = PBXFileReference; lastKnownFileType = sourcecode.swift; path = MedicTextField.swift; sourceTree = "<group>"; };
		27D7F81229B30B0F00CCB912 /* MedicButton.swift */ = {isa = PBXFileReference; lastKnownFileType = sourcecode.swift; path = MedicButton.swift; sourceTree = "<group>"; };
		27D7F81429B3174900CCB912 /* CardView.swift */ = {isa = PBXFileReference; lastKnownFileType = sourcecode.swift; path = CardView.swift; sourceTree = "<group>"; };
		27D7F81629B317E000CCB912 /* Card.swift */ = {isa = PBXFileReference; lastKnownFileType = sourcecode.swift; path = Card.swift; sourceTree = "<group>"; };
/* End PBXFileReference section */

/* Begin PBXFrameworksBuildPhase section */
		2767501B29B245E900A3CA40 /* Frameworks */ = {
			isa = PBXFrameworksBuildPhase;
			buildActionMask = 2147483647;
			files = (
			);
			runOnlyForDeploymentPostprocessing = 0;
		};
/* End PBXFrameworksBuildPhase section */

/* Begin PBXGroup section */
		275886B729DCE70B003B7820 /* Password */ = {
			isa = PBXGroup;
			children = (
				27A292F229DC4D2B00BC59A9 /* CreatePasswordView.swift */,
			);
			path = Password;
			sourceTree = "<group>";
		};
		275886BC29DCE732003B7820 /* Main */ = {
			isa = PBXGroup;
			children = (
				275886BA29DCE72D003B7820 /* MainView.swift */,
				275886B829DCE723003B7820 /* MainViewModel.swift */,
			);
			path = Main;
			sourceTree = "<group>";
		};
		275886BD29DCE905003B7820 /* App */ = {
			isa = PBXGroup;
			children = (
				2767502329B245E900A3CA40 /* ContentView.swift */,
				2767502129B245E900A3CA40 /* MedicApp.swift */,
			);
			path = App;
			sourceTree = "<group>";
		};
		275886C029DD21F7003B7820 /* Profile */ = {
			isa = PBXGroup;
			children = (
				27D7F81429B3174900CCB912 /* CardView.swift */,
				27D2C17929DAD4740054F9B7 /* CardViewModel.swift */,
				275886BE29DD21F1003B7820 /* ProfileView.swift */,
			);
			path = Profile;
			sourceTree = "<group>";
		};
		275886C329DD226D003B7820 /* Basket */ = {
			isa = PBXGroup;
			children = (
				275886C129DD2267003B7820 /* BasketView.swift */,
				2713019E29DEC67E007A1517 /* OrderView.swift */,
			);
			path = Basket;
			sourceTree = "<group>";
		};
		275886C629DD22E4003B7820 /* Results */ = {
			isa = PBXGroup;
			children = (
				275886C429DD22CF003B7820 /* ResultsView.swift */,
			);
			path = Results;
			sourceTree = "<group>";
		};
		275886C729DD2361003B7820 /* API */ = {
			isa = PBXGroup;
			children = (
				273C416829B24C6C00F11636 /* MedicHTTPClient.swift */,
			);
			path = API;
			sourceTree = "<group>";
		};
		275886C829DD2373003B7820 /* Model */ = {
			isa = PBXGroup;
			children = (
				27D7F81629B317E000CCB912 /* Card.swift */,
				274B0F0629DD89C4000F98DA /* Basket.swift */,
			);
			path = Model;
			sourceTree = "<group>";
		};
		275886C929DD2385003B7820 /* Utilities */ = {
			isa = PBXGroup;
			children = (
				27B8926329D9E54F001B537D /* Color+Extension.swift */,
			);
			path = Utilities;
			sourceTree = "<group>";
		};
		275886CA29DD239A003B7820 /* Views */ = {
			isa = PBXGroup;
			children = (
				27D7F81229B30B0F00CCB912 /* MedicButton.swift */,
				27D7F81029B3090000CCB912 /* MedicTextField.swift */,
			);
			path = Views;
			sourceTree = "<group>";
		};
		2767501529B245E900A3CA40 = {
			isa = PBXGroup;
			children = (
				2767502029B245E900A3CA40 /* Medic */,
				2767501F29B245E900A3CA40 /* Products */,
			);
			sourceTree = "<group>";
		};
		2767501F29B245E900A3CA40 /* Products */ = {
			isa = PBXGroup;
			children = (
				2767501E29B245E900A3CA40 /* Medic.app */,
			);
			name = Products;
			sourceTree = "<group>";
		};
		2767502029B245E900A3CA40 /* Medic */ = {
			isa = PBXGroup;
			children = (
				275886C929DD2385003B7820 /* Utilities */,
				275886C829DD2373003B7820 /* Model */,
				275886C729DD2361003B7820 /* API */,
				275886BD29DCE905003B7820 /* App */,
				27B8925D29D9D3F7001B537D /* Feature */,
				2767502F29B2469500A3CA40 /* Supporting Files */,
			);
			path = Medic;
			sourceTree = "<group>";
		};
		2767502729B245EA00A3CA40 /* Preview Content */ = {
			isa = PBXGroup;
			children = (
				2767502829B245EA00A3CA40 /* Preview Assets.xcassets */,
			);
			path = "Preview Content";
			sourceTree = "<group>";
		};
		2767502F29B2469500A3CA40 /* Supporting Files */ = {
			isa = PBXGroup;
			children = (
				273C416E29B2601200F11636 /* Info.plist */,
				2788384729DBCD1300E89B2E /* Launch Screen.storyboard */,
				2767502729B245EA00A3CA40 /* Preview Content */,
				2767502529B245EA00A3CA40 /* Assets.xcassets */,
			);
			name = "Supporting Files";
			sourceTree = "<group>";
		};
		27A292F129DC47F000BC59A9 /* Login */ = {
			isa = PBXGroup;
			children = (
				2767503029B247DD00A3CA40 /* EmailView.swift */,
				273C416C29B2501C00F11636 /* CodeView.swift */,
				273C416A29B24F3C00F11636 /* LoginViewModel.swift */,
			);
			path = Login;
			sourceTree = "<group>";
		};
		27B8925D29D9D3F7001B537D /* Feature */ = {
			isa = PBXGroup;
			children = (
				275886CA29DD239A003B7820 /* Views */,
				275886BC29DCE732003B7820 /* Main */,
				27D2C17829DAD4650054F9B7 /* Card */,
				275886B729DCE70B003B7820 /* Password */,
				27A292F129DC47F000BC59A9 /* Login */,
				27B8925E29D9D40C001B537D /* Onboarding */,
				275886C029DD21F7003B7820 /* Profile */,
				275886C329DD226D003B7820 /* Basket */,
				275886C629DD22E4003B7820 /* Results */,
			);
			path = Feature;
			sourceTree = "<group>";
		};
		27B8925E29D9D40C001B537D /* Onboarding */ = {
			isa = PBXGroup;
			children = (
				27B8925F29D9D423001B537D /* OnboardingView.swift */,
				27B8926129D9D503001B537D /* OnboardingModel.swift */,
			);
			path = Onboarding;
			sourceTree = "<group>";
		};
		27D2C17829DAD4650054F9B7 /* Card */ = {
			isa = PBXGroup;
			children = (
			);
			path = Card;
			sourceTree = "<group>";
		};
/* End PBXGroup section */

/* Begin PBXNativeTarget section */
		2767501D29B245E900A3CA40 /* Medic */ = {
			isa = PBXNativeTarget;
			buildConfigurationList = 2767502C29B245EA00A3CA40 /* Build configuration list for PBXNativeTarget "Medic" */;
			buildPhases = (
				2767501A29B245E900A3CA40 /* Sources */,
				2767501B29B245E900A3CA40 /* Frameworks */,
				2767501C29B245E900A3CA40 /* Resources */,
			);
			buildRules = (
			);
			dependencies = (
			);
			name = Medic;
			productName = Medic;
			productReference = 2767501E29B245E900A3CA40 /* Medic.app */;
			productType = "com.apple.product-type.application";
		};
/* End PBXNativeTarget section */

/* Begin PBXProject section */
		2767501629B245E900A3CA40 /* Project object */ = {
			isa = PBXProject;
			attributes = {
				BuildIndependentTargetsInParallel = 1;
				LastSwiftUpdateCheck = 1420;
				LastUpgradeCheck = 1420;
				TargetAttributes = {
					2767501D29B245E900A3CA40 = {
						CreatedOnToolsVersion = 14.2;
					};
				};
			};
			buildConfigurationList = 2767501929B245E900A3CA40 /* Build configuration list for PBXProject "Medic" */;
			compatibilityVersion = "Xcode 14.0";
			developmentRegion = en;
			hasScannedForEncodings = 0;
			knownRegions = (
				en,
				Base,
			);
			mainGroup = 2767501529B245E900A3CA40;
			productRefGroup = 2767501F29B245E900A3CA40 /* Products */;
			projectDirPath = "";
			projectRoot = "";
			targets = (
				2767501D29B245E900A3CA40 /* Medic */,
			);
		};
/* End PBXProject section */

/* Begin PBXResourcesBuildPhase section */
		2767501C29B245E900A3CA40 /* Resources */ = {
			isa = PBXResourcesBuildPhase;
			buildActionMask = 2147483647;
			files = (
				2788384829DBCD1300E89B2E /* Launch Screen.storyboard in Resources */,
				2767502929B245EA00A3CA40 /* Preview Assets.xcassets in Resources */,
				2767502629B245EA00A3CA40 /* Assets.xcassets in Resources */,
			);
			runOnlyForDeploymentPostprocessing = 0;
		};
/* End PBXResourcesBuildPhase section */

/* Begin PBXSourcesBuildPhase section */
		2767501A29B245E900A3CA40 /* Sources */ = {
			isa = PBXSourcesBuildPhase;
			buildActionMask = 2147483647;
			files = (
				275886C229DD2267003B7820 /* BasketView.swift in Sources */,
				2767502429B245E900A3CA40 /* ContentView.swift in Sources */,
				27D7F81529B3174A00CCB912 /* CardView.swift in Sources */,
				273C416929B24C6C00F11636 /* MedicHTTPClient.swift in Sources */,
				27D7F81329B30B0F00CCB912 /* MedicButton.swift in Sources */,
				2767502229B245E900A3CA40 /* MedicApp.swift in Sources */,
				273C416D29B2501C00F11636 /* CodeView.swift in Sources */,
				27D2C17A29DAD4740054F9B7 /* CardViewModel.swift in Sources */,
				273C416B29B24F3C00F11636 /* LoginViewModel.swift in Sources */,
				274B0F0729DD89C4000F98DA /* Basket.swift in Sources */,
				27D7F81729B317E000CCB912 /* Card.swift in Sources */,
				27B8926229D9D503001B537D /* OnboardingModel.swift in Sources */,
				275886BF29DD21F1003B7820 /* ProfileView.swift in Sources */,
				275886B929DCE723003B7820 /* MainViewModel.swift in Sources */,
				275886C529DD22CF003B7820 /* ResultsView.swift in Sources */,
				275886BB29DCE72D003B7820 /* MainView.swift in Sources */,
				2767503129B247DD00A3CA40 /* EmailView.swift in Sources */,
				27D7F81129B3090000CCB912 /* MedicTextField.swift in Sources */,
				27A292F329DC4D2B00BC59A9 /* CreatePasswordView.swift in Sources */,
				2713019F29DEC67E007A1517 /* OrderView.swift in Sources */,
				27B8926029D9D423001B537D /* OnboardingView.swift in Sources */,
				27B8926429D9E54F001B537D /* Color+Extension.swift in Sources */,
			);
			runOnlyForDeploymentPostprocessing = 0;
		};
/* End PBXSourcesBuildPhase section */

/* Begin XCBuildConfiguration section */
		2767502A29B245EA00A3CA40 /* Debug */ = {
			isa = XCBuildConfiguration;
			buildSettings = {
				ALWAYS_SEARCH_USER_PATHS = NO;
				CLANG_ANALYZER_NONNULL = YES;
				CLANG_ANALYZER_NUMBER_OBJECT_CONVERSION = YES_AGGRESSIVE;
				CLANG_CXX_LANGUAGE_STANDARD = "gnu++20";
				CLANG_ENABLE_MODULES = YES;
				CLANG_ENABLE_OBJC_ARC = YES;
				CLANG_ENABLE_OBJC_WEAK = YES;
				CLANG_WARN_BLOCK_CAPTURE_AUTORELEASING = YES;
				CLANG_WARN_BOOL_CONVERSION = YES;
				CLANG_WARN_COMMA = YES;
				CLANG_WARN_CONSTANT_CONVERSION = YES;
				CLANG_WARN_DEPRECATED_OBJC_IMPLEMENTATIONS = YES;
				CLANG_WARN_DIRECT_OBJC_ISA_USAGE = YES_ERROR;
				CLANG_WARN_DOCUMENTATION_COMMENTS = YES;
				CLANG_WARN_EMPTY_BODY = YES;
				CLANG_WARN_ENUM_CONVERSION = YES;
				CLANG_WARN_INFINITE_RECURSION = YES;
				CLANG_WARN_INT_CONVERSION = YES;
				CLANG_WARN_NON_LITERAL_NULL_CONVERSION = YES;
				CLANG_WARN_OBJC_IMPLICIT_RETAIN_SELF = YES;
				CLANG_WARN_OBJC_LITERAL_CONVERSION = YES;
				CLANG_WARN_OBJC_ROOT_CLASS = YES_ERROR;
				CLANG_WARN_QUOTED_INCLUDE_IN_FRAMEWORK_HEADER = YES;
				CLANG_WARN_RANGE_LOOP_ANALYSIS = YES;
				CLANG_WARN_STRICT_PROTOTYPES = YES;
				CLANG_WARN_SUSPICIOUS_MOVE = YES;
				CLANG_WARN_UNGUARDED_AVAILABILITY = YES_AGGRESSIVE;
				CLANG_WARN_UNREACHABLE_CODE = YES;
				CLANG_WARN__DUPLICATE_METHOD_MATCH = YES;
				COPY_PHASE_STRIP = NO;
				DEBUG_INFORMATION_FORMAT = dwarf;
				ENABLE_STRICT_OBJC_MSGSEND = YES;
				ENABLE_TESTABILITY = YES;
				GCC_C_LANGUAGE_STANDARD = gnu11;
				GCC_DYNAMIC_NO_PIC = NO;
				GCC_NO_COMMON_BLOCKS = YES;
				GCC_OPTIMIZATION_LEVEL = 0;
				GCC_PREPROCESSOR_DEFINITIONS = (
					"DEBUG=1",
					"$(inherited)",
				);
				GCC_WARN_64_TO_32_BIT_CONVERSION = YES;
				GCC_WARN_ABOUT_RETURN_TYPE = YES_ERROR;
				GCC_WARN_UNDECLARED_SELECTOR = YES;
				GCC_WARN_UNINITIALIZED_AUTOS = YES_AGGRESSIVE;
				GCC_WARN_UNUSED_FUNCTION = YES;
				GCC_WARN_UNUSED_VARIABLE = YES;
				IPHONEOS_DEPLOYMENT_TARGET = 16.2;
				MTL_ENABLE_DEBUG_INFO = INCLUDE_SOURCE;
				MTL_FAST_MATH = YES;
				ONLY_ACTIVE_ARCH = YES;
				SDKROOT = iphoneos;
				SWIFT_ACTIVE_COMPILATION_CONDITIONS = DEBUG;
				SWIFT_OPTIMIZATION_LEVEL = "-Onone";
			};
			name = Debug;
		};
		2767502B29B245EA00A3CA40 /* Release */ = {
			isa = XCBuildConfiguration;
			buildSettings = {
				ALWAYS_SEARCH_USER_PATHS = NO;
				CLANG_ANALYZER_NONNULL = YES;
				CLANG_ANALYZER_NUMBER_OBJECT_CONVERSION = YES_AGGRESSIVE;
				CLANG_CXX_LANGUAGE_STANDARD = "gnu++20";
				CLANG_ENABLE_MODULES = YES;
				CLANG_ENABLE_OBJC_ARC = YES;
				CLANG_ENABLE_OBJC_WEAK = YES;
				CLANG_WARN_BLOCK_CAPTURE_AUTORELEASING = YES;
				CLANG_WARN_BOOL_CONVERSION = YES;
				CLANG_WARN_COMMA = YES;
				CLANG_WARN_CONSTANT_CONVERSION = YES;
				CLANG_WARN_DEPRECATED_OBJC_IMPLEMENTATIONS = YES;
				CLANG_WARN_DIRECT_OBJC_ISA_USAGE = YES_ERROR;
				CLANG_WARN_DOCUMENTATION_COMMENTS = YES;
				CLANG_WARN_EMPTY_BODY = YES;
				CLANG_WARN_ENUM_CONVERSION = YES;
				CLANG_WARN_INFINITE_RECURSION = YES;
				CLANG_WARN_INT_CONVERSION = YES;
				CLANG_WARN_NON_LITERAL_NULL_CONVERSION = YES;
				CLANG_WARN_OBJC_IMPLICIT_RETAIN_SELF = YES;
				CLANG_WARN_OBJC_LITERAL_CONVERSION = YES;
				CLANG_WARN_OBJC_ROOT_CLASS = YES_ERROR;
				CLANG_WARN_QUOTED_INCLUDE_IN_FRAMEWORK_HEADER = YES;
				CLANG_WARN_RANGE_LOOP_ANALYSIS = YES;
				CLANG_WARN_STRICT_PROTOTYPES = YES;
				CLANG_WARN_SUSPICIOUS_MOVE = YES;
				CLANG_WARN_UNGUARDED_AVAILABILITY = YES_AGGRESSIVE;
				CLANG_WARN_UNREACHABLE_CODE = YES;
				CLANG_WARN__DUPLICATE_METHOD_MATCH = YES;
				COPY_PHASE_STRIP = NO;
				DEBUG_INFORMATION_FORMAT = "dwarf-with-dsym";
				ENABLE_NS_ASSERTIONS = NO;
				ENABLE_STRICT_OBJC_MSGSEND = YES;
				GCC_C_LANGUAGE_STANDARD = gnu11;
				GCC_NO_COMMON_BLOCKS = YES;
				GCC_WARN_64_TO_32_BIT_CONVERSION = YES;
				GCC_WARN_ABOUT_RETURN_TYPE = YES_ERROR;
				GCC_WARN_UNDECLARED_SELECTOR = YES;
				GCC_WARN_UNINITIALIZED_AUTOS = YES_AGGRESSIVE;
				GCC_WARN_UNUSED_FUNCTION = YES;
				GCC_WARN_UNUSED_VARIABLE = YES;
				IPHONEOS_DEPLOYMENT_TARGET = 16.2;
				MTL_ENABLE_DEBUG_INFO = NO;
				MTL_FAST_MATH = YES;
				SDKROOT = iphoneos;
				SWIFT_COMPILATION_MODE = wholemodule;
				SWIFT_OPTIMIZATION_LEVEL = "-O";
				VALIDATE_PRODUCT = YES;
			};
			name = Release;
		};
		2767502D29B245EA00A3CA40 /* Debug */ = {
			isa = XCBuildConfiguration;
			buildSettings = {
				ASSETCATALOG_COMPILER_APPICON_NAME = AppIcon;
				ASSETCATALOG_COMPILER_GLOBAL_ACCENT_COLOR_NAME = AccentColor;
				CODE_SIGN_STYLE = Automatic;
				CURRENT_PROJECT_VERSION = 1;
				DEVELOPMENT_ASSET_PATHS = "\"Medic/Preview Content\"";
				DEVELOPMENT_TEAM = 723HTEFHBA;
				ENABLE_PREVIEWS = YES;
				GENERATE_INFOPLIST_FILE = YES;
				INFOPLIST_FILE = Medic/Info.plist;
				INFOPLIST_KEY_UIApplicationSceneManifest_Generation = YES;
				INFOPLIST_KEY_UIApplicationSupportsIndirectInputEvents = YES;
				INFOPLIST_KEY_UILaunchStoryboardName = "Launch Screen.storyboard";
				INFOPLIST_KEY_UISupportedInterfaceOrientations_iPad = "UIInterfaceOrientationPortrait UIInterfaceOrientationPortraitUpsideDown UIInterfaceOrientationLandscapeLeft UIInterfaceOrientationLandscapeRight";
				INFOPLIST_KEY_UISupportedInterfaceOrientations_iPhone = "UIInterfaceOrientationPortrait UIInterfaceOrientationLandscapeLeft UIInterfaceOrientationLandscapeRight";
				INFOPLIST_KEY_UIUserInterfaceStyle = Light;
				IPHONEOS_DEPLOYMENT_TARGET = 16.0;
				LD_RUNPATH_SEARCH_PATHS = (
					"$(inherited)",
					"@executable_path/Frameworks",
				);
				MARKETING_VERSION = 0.1.1;
				PRODUCT_BUNDLE_IDENTIFIER = ru.fibeapp.Medic;
				PRODUCT_NAME = "$(TARGET_NAME)";
				SWIFT_EMIT_LOC_STRINGS = YES;
				SWIFT_VERSION = 5.0;
				TARGETED_DEVICE_FAMILY = "1,2";
			};
			name = Debug;
		};
		2767502E29B245EA00A3CA40 /* Release */ = {
			isa = XCBuildConfiguration;
			buildSettings = {
				ASSETCATALOG_COMPILER_APPICON_NAME = AppIcon;
				ASSETCATALOG_COMPILER_GLOBAL_ACCENT_COLOR_NAME = AccentColor;
				CODE_SIGN_STYLE = Automatic;
				CURRENT_PROJECT_VERSION = 1;
				DEVELOPMENT_ASSET_PATHS = "\"Medic/Preview Content\"";
				DEVELOPMENT_TEAM = 723HTEFHBA;
				ENABLE_PREVIEWS = YES;
				GENERATE_INFOPLIST_FILE = YES;
				INFOPLIST_FILE = Medic/Info.plist;
				INFOPLIST_KEY_UIApplicationSceneManifest_Generation = YES;
				INFOPLIST_KEY_UIApplicationSupportsIndirectInputEvents = YES;
				INFOPLIST_KEY_UILaunchStoryboardName = "Launch Screen.storyboard";
				INFOPLIST_KEY_UISupportedInterfaceOrientations_iPad = "UIInterfaceOrientationPortrait UIInterfaceOrientationPortraitUpsideDown UIInterfaceOrientationLandscapeLeft UIInterfaceOrientationLandscapeRight";
				INFOPLIST_KEY_UISupportedInterfaceOrientations_iPhone = "UIInterfaceOrientationPortrait UIInterfaceOrientationLandscapeLeft UIInterfaceOrientationLandscapeRight";
				INFOPLIST_KEY_UIUserInterfaceStyle = Light;
				IPHONEOS_DEPLOYMENT_TARGET = 16.0;
				LD_RUNPATH_SEARCH_PATHS = (
					"$(inherited)",
					"@executable_path/Frameworks",
				);
				MARKETING_VERSION = 0.1.1;
				PRODUCT_BUNDLE_IDENTIFIER = ru.fibeapp.Medic;
				PRODUCT_NAME = "$(TARGET_NAME)";
				SWIFT_EMIT_LOC_STRINGS = YES;
				SWIFT_VERSION = 5.0;
				TARGETED_DEVICE_FAMILY = "1,2";
			};
			name = Release;
		};
/* End XCBuildConfiguration section */

/* Begin XCConfigurationList section */
		2767501929B245E900A3CA40 /* Build configuration list for PBXProject "Medic" */ = {
			isa = XCConfigurationList;
			buildConfigurations = (
				2767502A29B245EA00A3CA40 /* Debug */,
				2767502B29B245EA00A3CA40 /* Release */,
			);
			defaultConfigurationIsVisible = 0;
			defaultConfigurationName = Release;
		};
		2767502C29B245EA00A3CA40 /* Build configuration list for PBXNativeTarget "Medic" */ = {
			isa = XCConfigurationList;
			buildConfigurations = (
				2767502D29B245EA00A3CA40 /* Debug */,
				2767502E29B245EA00A3CA40 /* Release */,
			);
			defaultConfigurationIsVisible = 0;
			defaultConfigurationName = Release;
		};
/* End XCConfigurationList section */
	};
	rootObject = 2767501629B245E900A3CA40 /* Project object */;
}
